
Microsoft Visual Studio Solution File, Format Version 12.00
# Visual Studio Version 17
VisualStudioVersion = 17.2.32526.322
MinimumVisualStudioVersion = 10.0.40219.1
Project("{9A19103F-16F7-4668-BE54-9A1E7A4F7556}") = "TesteMVC", "TesteMVC\TesteMVC.csproj", "{A75EF9B5-F5AD-47E6-BB0F-B9843DFE85A3}"
EndProject
Project("{9A19103F-16F7-4668-BE54-9A1E7A4F7556}") = "TesteAPI", "TesteAPI\TesteAPI.csproj", "{A5126DA1-897B-43BE-9C79-8BF30F31E5D2}"
EndProject
Project("{FAE04EC0-301F-11D3-BF4B-00C04F79EFBC}") = "TesteTest", "TesteTest\TesteTest.csproj", "{640968B2-1EDA-4574-A0E2-768FDD268073}"
EndProject
Global
	GlobalSection(SolutionConfigurationPlatforms) = preSolution
		Debug|Any CPU = Debug|Any CPU
		Release|Any CPU = Release|Any CPU
	EndGlobalSection
	GlobalSection(ProjectConfigurationPlatforms) = postSolution
		{A75EF9B5-F5AD-47E6-BB0F-B9843DFE85A3}.Debug|Any CPU.ActiveCfg = Debug|Any CPU
		{A75EF9B5-F5AD-47E6-BB0F-B9843DFE85A3}.Debug|Any CPU.Build.0 = Debug|Any CPU
		{A75EF9B5-F5AD-47E6-BB0F-B9843DFE85A3}.Release|Any CPU.ActiveCfg = Release|Any CPU
		{A75EF9B5-F5AD-47E6-BB0F-B9843DFE85A3}.Release|Any CPU.Build.0 = Release|Any CPU
		{A5126DA1-897B-43BE-9C79-8BF30F31E5D2}.Debug|Any CPU.ActiveCfg = Debug|Any CPU
		{A5126DA1-897B-43BE-9C79-8BF30F31E5D2}.Debug|Any CPU.Build.0 = Debug|Any CPU
		{A5126DA1-897B-43BE-9C79-8BF30F31E5D2}.Release|Any CPU.ActiveCfg = Release|Any CPU
		{A5126DA1-897B-43BE-9C79-8BF30F31E5D2}.Release|Any CPU.Build.0 = Release|Any CPU
		{640968B2-1EDA-4574-A0E2-768FDD268073}.Debug|Any CPU.ActiveCfg = Debug|Any CPU
		{640968B2-1EDA-4574-A0E2-768FDD268073}.Debug|Any CPU.Build.0 = Debug|Any CPU
		{640968B2-1EDA-4574-A0E2-768FDD268073}.Release|Any CPU.ActiveCfg = Release|Any CPU
		{640968B2-1EDA-4574-A0E2-768FDD268073}.Release|Any CPU.Build.0 = Release|Any CPU
	EndGlobalSection
	GlobalSection(SolutionProperties) = preSolution
		HideSolutionNode = FALSE
	EndGlobalSection
	GlobalSection(ExtensibilityGlobals) = postSolution
		SolutionGuid = {3CCCA975-F8BB-4A48-911A-82B221445FFC}
	EndGlobalSection
EndGlobal
